
Microsoft Visual Studio Solution File, Format Version 12.00
# Visual Studio 15
VisualStudioVersion = 15.0.28307.1082
MinimumVisualStudioVersion = 10.0.40219.1
Project("{8BC9CEB8-8B4A-11D0-8D11-00A0C91BC942}") = "Proyecto6", "Proyecto6\Proyecto6.vcxproj", "{A56D67F3-3BD1-431F-8ECB-DD24BC1C9CB2}"
EndProject
Global
	GlobalSection(SolutionConfigurationPlatforms) = preSolution
		Debug|x64 = Debug|x64
		Debug|x86 = Debug|x86
		Release|x64 = Release|x64
		Release|x86 = Release|x86
	EndGlobalSection
	GlobalSection(ProjectConfigurationPlatforms) = postSolution
		{A56D67F3-3BD1-431F-8ECB-DD24BC1C9CB2}.Debug|x64.ActiveCfg = Debug|x64
		{A56D67F3-3BD1-431F-8ECB-DD24BC1C9CB2}.Debug|x64.Build.0 = Debug|x64
		{A56D67F3-3BD1-431F-8ECB-DD24BC1C9CB2}.Debug|x86.ActiveCfg = Debug|Win32
		{A56D67F3-3BD1-431F-8ECB-DD24BC1C9CB2}.Debug|x86.Build.0 = Debug|Win32
		{A56D67F3-3BD1-431F-8ECB-DD24BC1C9CB2}.Release|x64.ActiveCfg = Release|x64
		{A56D67F3-3BD1-431F-8ECB-DD24BC1C9CB2}.Release|x64.Build.0 = Release|x64
		{A56D67F3-3BD1-431F-8ECB-DD24BC1C9CB2}.Release|x86.ActiveCfg = Release|Win32
		{A56D67F3-3BD1-431F-8ECB-DD24BC1C9CB2}.Release|x86.Build.0 = Release|Win32
	EndGlobalSection
	GlobalSection(SolutionProperties) = preSolution
		HideSolutionNode = FALSE
	EndGlobalSection
	GlobalSection(ExtensibilityGlobals) = postSolution
		SolutionGuid = {E4EE318E-3859-4F04-AD99-EBFC29877274}
	EndGlobalSection
EndGlobal
